
Microsoft Visual Studio Solution File, Format Version 12.00
# Visual Studio Version 17
VisualStudioVersion = 17.2.32602.215
MinimumVisualStudioVersion = 10.0.40219.1
Project("{FAE04EC0-301F-11D3-BF4B-00C04F79EFBC}") = "Teste-Regex", "Teste-Regex\Teste-Regex.csproj", "{3FFF996C-5DF4-40A4-8531-BC0BD8D18245}"
EndProject
Project("{FAE04EC0-301F-11D3-BF4B-00C04F79EFBC}") = "Alterando o formato de uma data", "Alterando o formato de uma data\Alterando o formato de uma data.csproj", "{181CFA2D-79C5-4E30-807B-4AE1F25FBFCE}"
EndProject
Global
	GlobalSection(SolutionConfigurationPlatforms) = preSolution
		Debug|Any CPU = Debug|Any CPU
		Release|Any CPU = Release|Any CPU
	EndGlobalSection
	GlobalSection(ProjectConfigurationPlatforms) = postSolution
		{3FFF996C-5DF4-40A4-8531-BC0BD8D18245}.Debug|Any CPU.ActiveCfg = Debug|Any CPU
		{3FFF996C-5DF4-40A4-8531-BC0BD8D18245}.Debug|Any CPU.Build.0 = Debug|Any CPU
		{3FFF996C-5DF4-40A4-8531-BC0BD8D18245}.Release|Any CPU.ActiveCfg = Release|Any CPU
		{3FFF996C-5DF4-40A4-8531-BC0BD8D18245}.Release|Any CPU.Build.0 = Release|Any CPU
		{181CFA2D-79C5-4E30-807B-4AE1F25FBFCE}.Debug|Any CPU.ActiveCfg = Debug|Any CPU
		{181CFA2D-79C5-4E30-807B-4AE1F25FBFCE}.Debug|Any CPU.Build.0 = Debug|Any CPU
		{181CFA2D-79C5-4E30-807B-4AE1F25FBFCE}.Release|Any CPU.ActiveCfg = Release|Any CPU
		{181CFA2D-79C5-4E30-807B-4AE1F25FBFCE}.Release|Any CPU.Build.0 = Release|Any CPU
	EndGlobalSection
	GlobalSection(SolutionProperties) = preSolution
		HideSolutionNode = FALSE
	EndGlobalSection
	GlobalSection(ExtensibilityGlobals) = postSolution
		SolutionGuid = {45B34F97-8918-48CD-A7C7-A226A88CD0B7}
	EndGlobalSection
EndGlobal
